{
	"name": "@greenpress/cache-manager",
	"version": "2.0.15",
	"lockfileVersion": 2,
	"requires": true,
	"packages": {
		"": {
			"name": "@greenpress/cache-manager",
			"version": "2.0.15",
			"license": "MIT",
			"dependencies": {
				"redis": "3.0.2"
			},
			"devDependencies": {
				"@types/redis": "^2.8.31",
				"typescript": "^4.2.4"
			}
		},
		"node_modules/@types/node": {
			"version": "16.3.1",
			"resolved": "https://registry.npmjs.org/@types/node/-/node-16.3.1.tgz",
			"integrity": "sha512-N87VuQi7HEeRJkhzovao/JviiqKjDKMVKxKMfUvSKw+MbkbW8R0nA3fi/MQhhlxV2fQ+2ReM+/Nt4efdrJx3zA==",
			"dev": true
		},
		"node_modules/@types/redis": {
			"version": "2.8.31",
			"resolved": "https://registry.npmjs.org/@types/redis/-/redis-2.8.31.tgz",
			"integrity": "sha512-daWrrTDYaa5iSDFbgzZ9gOOzyp2AJmYK59OlG/2KGBgYWF3lfs8GDKm1c//tik5Uc93hDD36O+qLPvzDolChbA==",
			"dev": true,
			"dependencies": {
				"@types/node": "*"
			}
		},
		"node_modules/denque": {
			"version": "1.5.0",
			"resolved": "https://registry.npmjs.org/denque/-/denque-1.5.0.tgz",
			"integrity": "sha512-CYiCSgIF1p6EUByQPlGkKnP1M9g0ZV3qMIrqMqZqdwazygIA/YP2vrbcyl1h/WppKJTdl1F85cXIle+394iDAQ==",
			"engines": {
				"node": ">=0.10"
			}
		},
		"node_modules/redis": {
			"version": "3.0.2",
			"resolved": "https://registry.npmjs.org/redis/-/redis-3.0.2.tgz",
			"integrity": "sha512-PNhLCrjU6vKVuMOyFu7oSP296mwBkcE6lrAjruBYG5LgdSqtRBoVQIylrMyVZD/lkF24RSNNatzvYag6HRBHjQ==",
			"dependencies": {
				"denque": "^1.4.1",
				"redis-commands": "^1.5.0",
				"redis-errors": "^1.2.0",
				"redis-parser": "^3.0.0"
			},
			"engines": {
				"node": ">=6"
			},
			"funding": {
				"type": "opencollective",
				"url": "https://opencollective.com/node-redis"
			}
		},
		"node_modules/redis-commands": {
			"version": "1.7.0",
			"resolved": "https://registry.npmjs.org/redis-commands/-/redis-commands-1.7.0.tgz",
			"integrity": "sha512-nJWqw3bTFy21hX/CPKHth6sfhZbdiHP6bTawSgQBlKOVRG7EZkfHbbHwQJnrE4vsQf0CMNE+3gJ4Fmm16vdVlQ=="
		},
		"node_modules/redis-errors": {
			"version": "1.2.0",
			"resolved": "https://registry.npmjs.org/redis-errors/-/redis-errors-1.2.0.tgz",
			"integrity": "sha1-62LSrbFeTq9GEMBK/hUpOEJQq60=",
			"engines": {
				"node": ">=4"
			}
		},
		"node_modules/redis-parser": {
			"version": "3.0.0",
			"resolved": "https://registry.npmjs.org/redis-parser/-/redis-parser-3.0.0.tgz",
			"integrity": "sha1-tm2CjNyv5rS4pCin3vTGvKwxyLQ=",
			"dependencies": {
				"redis-errors": "^1.0.0"
			},
			"engines": {
				"node": ">=4"
			}
		},
		"node_modules/typescript": {
			"version": "4.3.5",
			"resolved": "https://registry.npmjs.org/typescript/-/typescript-4.3.5.tgz",
			"integrity": "sha512-DqQgihaQ9cUrskJo9kIyW/+g0Vxsk8cDtZ52a3NGh0YNTfpUSArXSohyUGnvbPazEPLu398C0UxmKSOrPumUzA==",
			"dev": true,
			"bin": {
				"tsc": "bin/tsc",
				"tsserver": "bin/tsserver"
			},
			"engines": {
				"node": ">=4.2.0"
			}
		}
	},
	"dependencies": {
		"@types/node": {
			"version": "16.3.1",
			"resolved": "https://registry.npmjs.org/@types/node/-/node-16.3.1.tgz",
			"integrity": "sha512-N87VuQi7HEeRJkhzovao/JviiqKjDKMVKxKMfUvSKw+MbkbW8R0nA3fi/MQhhlxV2fQ+2ReM+/Nt4efdrJx3zA==",
			"dev": true
		},
		"@types/redis": {
			"version": "2.8.31",
			"resolved": "https://registry.npmjs.org/@types/redis/-/redis-2.8.31.tgz",
			"integrity": "sha512-daWrrTDYaa5iSDFbgzZ9gOOzyp2AJmYK59OlG/2KGBgYWF3lfs8GDKm1c//tik5Uc93hDD36O+qLPvzDolChbA==",
			"dev": true,
			"requires": {
				"@types/node": "*"
			}
		},
		"denque": {
			"version": "1.5.0",
			"resolved": "https://registry.npmjs.org/denque/-/denque-1.5.0.tgz",
			"integrity": "sha512-CYiCSgIF1p6EUByQPlGkKnP1M9g0ZV3qMIrqMqZqdwazygIA/YP2vrbcyl1h/WppKJTdl1F85cXIle+394iDAQ=="
		},
		"redis": {
			"version": "3.0.2",
			"resolved": "https://registry.npmjs.org/redis/-/redis-3.0.2.tgz",
			"integrity": "sha512-PNhLCrjU6vKVuMOyFu7oSP296mwBkcE6lrAjruBYG5LgdSqtRBoVQIylrMyVZD/lkF24RSNNatzvYag6HRBHjQ==",
			"requires": {
				"denque": "^1.4.1",
				"redis-commands": "^1.5.0",
				"redis-errors": "^1.2.0",
				"redis-parser": "^3.0.0"
			}
		},
		"redis-commands": {
			"version": "1.7.0",
			"resolved": "https://registry.npmjs.org/redis-commands/-/redis-commands-1.7.0.tgz",
			"integrity": "sha512-nJWqw3bTFy21hX/CPKHth6sfhZbdiHP6bTawSgQBlKOVRG7EZkfHbbHwQJnrE4vsQf0CMNE+3gJ4Fmm16vdVlQ=="
		},
		"redis-errors": {
			"version": "1.2.0",
			"resolved": "https://registry.npmjs.org/redis-errors/-/redis-errors-1.2.0.tgz",
			"integrity": "sha1-62LSrbFeTq9GEMBK/hUpOEJQq60="
		},
		"redis-parser": {
			"version": "3.0.0",
			"resolved": "https://registry.npmjs.org/redis-parser/-/redis-parser-3.0.0.tgz",
			"integrity": "sha1-tm2CjNyv5rS4pCin3vTGvKwxyLQ=",
			"requires": {
				"redis-errors": "^1.0.0"
			}
		},
		"typescript": {
			"version": "4.3.5",
			"resolved": "https://registry.npmjs.org/typescript/-/typescript-4.3.5.tgz",
			"integrity": "sha512-DqQgihaQ9cUrskJo9kIyW/+g0Vxsk8cDtZ52a3NGh0YNTfpUSArXSohyUGnvbPazEPLu398C0UxmKSOrPumUzA==",
			"dev": true
		}
	}
}
