{
	"name": "@greenpress/plugins",
	"version": "1.0.0",
	"lockfileVersion": 2,
	"requires": true,
	"packages": {
		"": {
			"name": "@greenpress/plugins",
			"version": "1.0.0",
			"license": "MIT",
			"dependencies": {
				"http-proxy-middleware": "^1.3.1",
				"mongoose": "^5.10.5",
				"uniqid": "^5.0.3"
			},
			"devDependencies": {
				"@types/axios": "^0.14.0",
				"@types/express": "^4.17.8",
				"@types/mongoose": "^5.7.36",
				"@types/node": "^14.11.1",
				"typescript": "^4.0.2"
			},
			"engines": {
				"node": ">=10.5",
				"npm": ">=5"
			}
		},
		"../../packages/api-kit": {
			"name": "@greenpress/api-kit",
			"version": "0.2.0",
			"extraneous": true,
			"license": "MIT",
			"dependencies": {
				"axios": "^0.21.1",
				"body-parser": "^1.19.0",
				"cors": "^2.8.5",
				"express": "^4.17.1",
				"morgan": "^1.10.0"
			}
		},
		"node_modules/@types/axios": {
			"version": "0.14.0",
			"dev": true,
			"license": "MIT",
			"dependencies": {
				"axios": "*"
			}
		},
		"node_modules/@types/body-parser": {
			"version": "1.19.0",
			"dev": true,
			"license": "MIT",
			"dependencies": {
				"@types/connect": "*",
				"@types/node": "*"
			}
		},
		"node_modules/@types/bson": {
			"version": "4.0.3",
			"license": "MIT",
			"dependencies": {
				"@types/node": "*"
			}
		},
		"node_modules/@types/connect": {
			"version": "3.4.34",
			"dev": true,
			"license": "MIT",
			"dependencies": {
				"@types/node": "*"
			}
		},
		"node_modules/@types/express": {
			"version": "4.17.11",
			"dev": true,
			"license": "MIT",
			"dependencies": {
				"@types/body-parser": "*",
				"@types/express-serve-static-core": "^4.17.18",
				"@types/qs": "*",
				"@types/serve-static": "*"
			}
		},
		"node_modules/@types/express-serve-static-core": {
			"version": "4.17.19",
			"dev": true,
			"license": "MIT",
			"dependencies": {
				"@types/node": "*",
				"@types/qs": "*",
				"@types/range-parser": "*"
			}
		},
		"node_modules/@types/http-proxy": {
			"version": "1.17.7",
			"resolved": "https://registry.npmjs.org/@types/http-proxy/-/http-proxy-1.17.7.tgz",
			"integrity": "sha512-9hdj6iXH64tHSLTY+Vt2eYOGzSogC+JQ2H7bdPWkuh7KXP5qLllWx++t+K9Wk556c3dkDdPws/SpMRi0sdCT1w==",
			"dependencies": {
				"@types/node": "*"
			}
		},
		"node_modules/@types/mime": {
			"version": "1.3.2",
			"dev": true,
			"license": "MIT"
		},
		"node_modules/@types/mongodb": {
			"version": "3.6.16",
			"license": "MIT",
			"dependencies": {
				"@types/bson": "*",
				"@types/node": "*"
			}
		},
		"node_modules/@types/mongoose": {
			"version": "5.10.5",
			"dev": true,
			"license": "MIT",
			"dependencies": {
				"@types/mongodb": "*",
				"@types/node": "*"
			}
		},
		"node_modules/@types/node": {
			"version": "14.17.0",
			"license": "MIT"
		},
		"node_modules/@types/qs": {
			"version": "6.9.6",
			"dev": true,
			"license": "MIT"
		},
		"node_modules/@types/range-parser": {
			"version": "1.2.3",
			"dev": true,
			"license": "MIT"
		},
		"node_modules/@types/serve-static": {
			"version": "1.13.9",
			"dev": true,
			"license": "MIT",
			"dependencies": {
				"@types/mime": "^1",
				"@types/node": "*"
			}
		},
		"node_modules/axios": {
			"version": "0.21.1",
			"dev": true,
			"license": "MIT",
			"dependencies": {
				"follow-redirects": "^1.10.0"
			}
		},
		"node_modules/bl": {
			"version": "2.2.1",
			"license": "MIT",
			"dependencies": {
				"readable-stream": "^2.3.5",
				"safe-buffer": "^5.1.1"
			}
		},
		"node_modules/bluebird": {
			"version": "3.5.1",
			"license": "MIT"
		},
		"node_modules/braces": {
			"version": "3.0.2",
			"resolved": "https://registry.npmjs.org/braces/-/braces-3.0.2.tgz",
			"integrity": "sha512-b8um+L1RzM3WDSzvhm6gIz1yfTbBt6YTlcEKAvsmqCZZFw46z626lVj9j1yEPW33H5H+lBQpZMP1k8l+78Ha0A==",
			"dependencies": {
				"fill-range": "^7.0.1"
			},
			"engines": {
				"node": ">=8"
			}
		},
		"node_modules/bson": {
			"version": "1.1.6",
			"license": "Apache-2.0",
			"engines": {
				"node": ">=0.6.19"
			}
		},
		"node_modules/core-util-is": {
			"version": "1.0.2",
			"license": "MIT"
		},
		"node_modules/denque": {
			"version": "1.5.0",
			"license": "Apache-2.0",
			"engines": {
				"node": ">=0.10"
			}
		},
		"node_modules/eventemitter3": {
			"version": "4.0.7",
			"resolved": "https://registry.npmjs.org/eventemitter3/-/eventemitter3-4.0.7.tgz",
			"integrity": "sha512-8guHBZCwKnFhYdHr2ysuRWErTwhoN2X8XELRlrRwpmfeY2jjuUN4taQMsULKUVo1K4DvZl+0pgfyoysHxvmvEw=="
		},
		"node_modules/fill-range": {
			"version": "7.0.1",
			"resolved": "https://registry.npmjs.org/fill-range/-/fill-range-7.0.1.tgz",
			"integrity": "sha512-qOo9F+dMUmC2Lcb4BbVvnKJxTPjCm+RRpe4gDuGrzkL7mEVl/djYSu2OdQ2Pa302N4oqkSg9ir6jaLWJ2USVpQ==",
			"dependencies": {
				"to-regex-range": "^5.0.1"
			},
			"engines": {
				"node": ">=8"
			}
		},
		"node_modules/follow-redirects": {
			"version": "1.14.1",
			"funding": [
				{
					"type": "individual",
					"url": "https://github.com/sponsors/RubenVerborgh"
				}
			],
			"license": "MIT",
			"engines": {
				"node": ">=4.0"
			},
			"peerDependenciesMeta": {
				"debug": {
					"optional": true
				}
			}
		},
		"node_modules/http-proxy": {
			"version": "1.18.1",
			"resolved": "https://registry.npmjs.org/http-proxy/-/http-proxy-1.18.1.tgz",
			"integrity": "sha512-7mz/721AbnJwIVbnaSv1Cz3Am0ZLT/UBwkC92VlxhXv/k/BBQfM2fXElQNC27BVGr0uwUpplYPQM9LnaBMR5NQ==",
			"dependencies": {
				"eventemitter3": "^4.0.0",
				"follow-redirects": "^1.0.0",
				"requires-port": "^1.0.0"
			},
			"engines": {
				"node": ">=8.0.0"
			}
		},
		"node_modules/http-proxy-middleware": {
			"version": "1.3.1",
			"resolved": "https://registry.npmjs.org/http-proxy-middleware/-/http-proxy-middleware-1.3.1.tgz",
			"integrity": "sha512-13eVVDYS4z79w7f1+NPllJtOQFx/FdUW4btIvVRMaRlUY9VGstAbo5MOhLEuUgZFRHn3x50ufn25zkj/boZnEg==",
			"dependencies": {
				"@types/http-proxy": "^1.17.5",
				"http-proxy": "^1.18.1",
				"is-glob": "^4.0.1",
				"is-plain-obj": "^3.0.0",
				"micromatch": "^4.0.2"
			},
			"engines": {
				"node": ">=8.0.0"
			}
		},
		"node_modules/inherits": {
			"version": "2.0.3",
			"license": "ISC"
		},
		"node_modules/is-extglob": {
			"version": "2.1.1",
			"resolved": "https://registry.npmjs.org/is-extglob/-/is-extglob-2.1.1.tgz",
			"integrity": "sha1-qIwCU1eR8C7TfHahueqXc8gz+MI=",
			"engines": {
				"node": ">=0.10.0"
			}
		},
		"node_modules/is-glob": {
			"version": "4.0.3",
			"resolved": "https://registry.npmjs.org/is-glob/-/is-glob-4.0.3.tgz",
			"integrity": "sha512-xelSayHH36ZgE7ZWhli7pW34hNbNl8Ojv5KVmkJD4hBdD3th8Tfk9vYasLM+mXWOZhFkgZfxhLSnrwRr4elSSg==",
			"dependencies": {
				"is-extglob": "^2.1.1"
			},
			"engines": {
				"node": ">=0.10.0"
			}
		},
		"node_modules/is-number": {
			"version": "7.0.0",
			"resolved": "https://registry.npmjs.org/is-number/-/is-number-7.0.0.tgz",
			"integrity": "sha512-41Cifkg6e8TylSpdtTpeLVMqvSBEVzTttHvERD741+pnZ8ANv0004MRL43QKPDlK9cGvNp6NZWZUBlbGXYxxng==",
			"engines": {
				"node": ">=0.12.0"
			}
		},
		"node_modules/is-plain-obj": {
			"version": "3.0.0",
			"resolved": "https://registry.npmjs.org/is-plain-obj/-/is-plain-obj-3.0.0.tgz",
			"integrity": "sha512-gwsOE28k+23GP1B6vFl1oVh/WOzmawBrKwo5Ev6wMKzPkaXaCDIQKzLnvsA42DRlbVTWorkgTKIviAKCWkfUwA==",
			"engines": {
				"node": ">=10"
			},
			"funding": {
				"url": "https://github.com/sponsors/sindresorhus"
			}
		},
		"node_modules/isarray": {
			"version": "1.0.0",
			"license": "MIT"
		},
		"node_modules/kareem": {
			"version": "2.3.2",
			"license": "Apache-2.0"
		},
		"node_modules/memory-pager": {
			"version": "1.5.0",
			"license": "MIT",
			"optional": true
		},
		"node_modules/micromatch": {
			"version": "4.0.4",
			"resolved": "https://registry.npmjs.org/micromatch/-/micromatch-4.0.4.tgz",
			"integrity": "sha512-pRmzw/XUcwXGpD9aI9q/0XOwLNygjETJ8y0ao0wdqprrzDa4YnxLcz7fQRZr8voh8V10kGhABbNcHVk5wHgWwg==",
			"dependencies": {
				"braces": "^3.0.1",
				"picomatch": "^2.2.3"
			},
			"engines": {
				"node": ">=8.6"
			}
		},
		"node_modules/mongodb": {
			"version": "3.6.6",
			"license": "Apache-2.0",
			"dependencies": {
				"bl": "^2.2.1",
				"bson": "^1.1.4",
				"denque": "^1.4.1",
				"optional-require": "^1.0.2",
				"safe-buffer": "^5.1.2"
			},
			"engines": {
				"node": ">=4"
			},
			"optionalDependencies": {
				"saslprep": "^1.0.0"
			},
			"peerDependenciesMeta": {
				"aws4": {
					"optional": true
				},
				"bson-ext": {
					"optional": true
				},
				"kerberos": {
					"optional": true
				},
				"mongodb-client-encryption": {
					"optional": true
				},
				"mongodb-extjson": {
					"optional": true
				},
				"snappy": {
					"optional": true
				}
			}
		},
		"node_modules/mongoose": {
			"version": "5.12.10",
			"license": "MIT",
			"dependencies": {
				"@types/mongodb": "^3.5.27",
				"bson": "^1.1.4",
				"kareem": "2.3.2",
				"mongodb": "3.6.6",
				"mongoose-legacy-pluralize": "1.0.2",
				"mpath": "0.8.3",
				"mquery": "3.2.5",
				"ms": "2.1.2",
				"regexp-clone": "1.0.0",
				"safe-buffer": "5.2.1",
				"sift": "13.5.2",
				"sliced": "1.0.1"
			},
			"engines": {
				"node": ">=4.0.0"
			},
			"funding": {
				"type": "opencollective",
				"url": "https://opencollective.com/mongoose"
			}
		},
		"node_modules/mongoose-legacy-pluralize": {
			"version": "1.0.2",
			"license": "Apache-2.0",
			"peerDependencies": {
				"mongoose": "*"
			}
		},
		"node_modules/mongoose/node_modules/ms": {
			"version": "2.1.2",
			"license": "MIT"
		},
		"node_modules/mongoose/node_modules/safe-buffer": {
			"version": "5.2.1",
			"funding": [
				{
					"type": "github",
					"url": "https://github.com/sponsors/feross"
				},
				{
					"type": "patreon",
					"url": "https://www.patreon.com/feross"
				},
				{
					"type": "consulting",
					"url": "https://feross.org/support"
				}
			],
			"license": "MIT"
		},
		"node_modules/mpath": {
			"version": "0.8.3",
			"license": "MIT",
			"engines": {
				"node": ">=4.0.0"
			}
		},
		"node_modules/mquery": {
			"version": "3.2.5",
			"license": "MIT",
			"dependencies": {
				"bluebird": "3.5.1",
				"debug": "3.1.0",
				"regexp-clone": "^1.0.0",
				"safe-buffer": "5.1.2",
				"sliced": "1.0.1"
			},
			"engines": {
				"node": ">=4.0.0"
			}
		},
		"node_modules/mquery/node_modules/debug": {
			"version": "3.1.0",
			"license": "MIT",
			"dependencies": {
				"ms": "2.0.0"
			}
		},
		"node_modules/ms": {
			"version": "2.0.0",
			"license": "MIT"
		},
		"node_modules/optional-require": {
			"version": "1.0.3",
			"license": "Apache-2.0",
			"engines": {
				"node": ">=4"
			}
		},
		"node_modules/picomatch": {
			"version": "2.3.0",
			"resolved": "https://registry.npmjs.org/picomatch/-/picomatch-2.3.0.tgz",
			"integrity": "sha512-lY1Q/PiJGC2zOv/z391WOTD+Z02bCgsFfvxoXXf6h7kv9o+WmsmzYqrAwY63sNgOxE4xEdq0WyUnXfKeBrSvYw==",
			"engines": {
				"node": ">=8.6"
			},
			"funding": {
				"url": "https://github.com/sponsors/jonschlinkert"
			}
		},
		"node_modules/process-nextick-args": {
			"version": "2.0.1",
			"license": "MIT"
		},
		"node_modules/readable-stream": {
			"version": "2.3.7",
			"license": "MIT",
			"dependencies": {
				"core-util-is": "~1.0.0",
				"inherits": "~2.0.3",
				"isarray": "~1.0.0",
				"process-nextick-args": "~2.0.0",
				"safe-buffer": "~5.1.1",
				"string_decoder": "~1.1.1",
				"util-deprecate": "~1.0.1"
			}
		},
		"node_modules/regexp-clone": {
			"version": "1.0.0",
			"license": "MIT"
		},
		"node_modules/requires-port": {
			"version": "1.0.0",
			"resolved": "https://registry.npmjs.org/requires-port/-/requires-port-1.0.0.tgz",
			"integrity": "sha1-kl0mAdOaxIXgkc8NpcbmlNw9yv8="
		},
		"node_modules/safe-buffer": {
			"version": "5.1.2",
			"license": "MIT"
		},
		"node_modules/saslprep": {
			"version": "1.0.3",
			"license": "MIT",
			"optional": true,
			"dependencies": {
				"sparse-bitfield": "^3.0.3"
			},
			"engines": {
				"node": ">=6"
			}
		},
		"node_modules/sift": {
			"version": "13.5.2",
			"license": "MIT"
		},
		"node_modules/sliced": {
			"version": "1.0.1",
			"license": "MIT"
		},
		"node_modules/sparse-bitfield": {
			"version": "3.0.3",
			"license": "MIT",
			"optional": true,
			"dependencies": {
				"memory-pager": "^1.0.2"
			}
		},
		"node_modules/string_decoder": {
			"version": "1.1.1",
			"license": "MIT",
			"dependencies": {
				"safe-buffer": "~5.1.0"
			}
		},
		"node_modules/to-regex-range": {
			"version": "5.0.1",
			"resolved": "https://registry.npmjs.org/to-regex-range/-/to-regex-range-5.0.1.tgz",
			"integrity": "sha512-65P7iz6X5yEr1cwcgvQxbbIw7Uk3gOy5dIdtZ4rDveLqhrdJP+Li/Hx6tyK0NEb+2GCyneCMJiGqrADCSNk8sQ==",
			"dependencies": {
				"is-number": "^7.0.0"
			},
			"engines": {
				"node": ">=8.0"
			}
		},
		"node_modules/typescript": {
			"version": "4.2.4",
			"dev": true,
			"license": "Apache-2.0",
			"bin": {
				"tsc": "bin/tsc",
				"tsserver": "bin/tsserver"
			},
			"engines": {
				"node": ">=4.2.0"
			}
		},
		"node_modules/uniqid": {
			"version": "5.3.0",
			"license": "MIT"
		},
		"node_modules/util-deprecate": {
			"version": "1.0.2",
			"license": "MIT"
		}
	},
	"dependencies": {
		"@types/axios": {
			"version": "0.14.0",
			"dev": true,
			"requires": {
				"axios": "*"
			}
		},
		"@types/body-parser": {
			"version": "1.19.0",
			"dev": true,
			"requires": {
				"@types/connect": "*",
				"@types/node": "*"
			}
		},
		"@types/bson": {
			"version": "4.0.3",
			"requires": {
				"@types/node": "*"
			}
		},
		"@types/connect": {
			"version": "3.4.34",
			"dev": true,
			"requires": {
				"@types/node": "*"
			}
		},
		"@types/express": {
			"version": "4.17.11",
			"dev": true,
			"requires": {
				"@types/body-parser": "*",
				"@types/express-serve-static-core": "^4.17.18",
				"@types/qs": "*",
				"@types/serve-static": "*"
			}
		},
		"@types/express-serve-static-core": {
			"version": "4.17.19",
			"dev": true,
			"requires": {
				"@types/node": "*",
				"@types/qs": "*",
				"@types/range-parser": "*"
			}
		},
		"@types/http-proxy": {
			"version": "1.17.7",
			"resolved": "https://registry.npmjs.org/@types/http-proxy/-/http-proxy-1.17.7.tgz",
			"integrity": "sha512-9hdj6iXH64tHSLTY+Vt2eYOGzSogC+JQ2H7bdPWkuh7KXP5qLllWx++t+K9Wk556c3dkDdPws/SpMRi0sdCT1w==",
			"requires": {
				"@types/node": "*"
			}
		},
		"@types/mime": {
			"version": "1.3.2",
			"dev": true
		},
		"@types/mongodb": {
			"version": "3.6.16",
			"requires": {
				"@types/bson": "*",
				"@types/node": "*"
			}
		},
		"@types/mongoose": {
			"version": "5.10.5",
			"dev": true,
			"requires": {
				"@types/mongodb": "*",
				"@types/node": "*"
			}
		},
		"@types/node": {
			"version": "14.17.0"
		},
		"@types/qs": {
			"version": "6.9.6",
			"dev": true
		},
		"@types/range-parser": {
			"version": "1.2.3",
			"dev": true
		},
		"@types/serve-static": {
			"version": "1.13.9",
			"dev": true,
			"requires": {
				"@types/mime": "^1",
				"@types/node": "*"
			}
		},
		"axios": {
			"version": "0.21.1",
			"dev": true,
			"requires": {
				"follow-redirects": "^1.10.0"
			}
		},
		"bl": {
			"version": "2.2.1",
			"requires": {
				"readable-stream": "^2.3.5",
				"safe-buffer": "^5.1.1"
			}
		},
		"bluebird": {
			"version": "3.5.1"
		},
		"braces": {
			"version": "3.0.2",
			"resolved": "https://registry.npmjs.org/braces/-/braces-3.0.2.tgz",
			"integrity": "sha512-b8um+L1RzM3WDSzvhm6gIz1yfTbBt6YTlcEKAvsmqCZZFw46z626lVj9j1yEPW33H5H+lBQpZMP1k8l+78Ha0A==",
			"requires": {
				"fill-range": "^7.0.1"
			}
		},
		"bson": {
			"version": "1.1.6"
		},
		"core-util-is": {
			"version": "1.0.2"
		},
		"denque": {
			"version": "1.5.0"
		},
		"eventemitter3": {
			"version": "4.0.7",
			"resolved": "https://registry.npmjs.org/eventemitter3/-/eventemitter3-4.0.7.tgz",
			"integrity": "sha512-8guHBZCwKnFhYdHr2ysuRWErTwhoN2X8XELRlrRwpmfeY2jjuUN4taQMsULKUVo1K4DvZl+0pgfyoysHxvmvEw=="
		},
		"fill-range": {
			"version": "7.0.1",
			"resolved": "https://registry.npmjs.org/fill-range/-/fill-range-7.0.1.tgz",
			"integrity": "sha512-qOo9F+dMUmC2Lcb4BbVvnKJxTPjCm+RRpe4gDuGrzkL7mEVl/djYSu2OdQ2Pa302N4oqkSg9ir6jaLWJ2USVpQ==",
			"requires": {
				"to-regex-range": "^5.0.1"
			}
		},
		"follow-redirects": {
			"version": "1.14.1"
		},
		"http-proxy": {
			"version": "1.18.1",
			"resolved": "https://registry.npmjs.org/http-proxy/-/http-proxy-1.18.1.tgz",
			"integrity": "sha512-7mz/721AbnJwIVbnaSv1Cz3Am0ZLT/UBwkC92VlxhXv/k/BBQfM2fXElQNC27BVGr0uwUpplYPQM9LnaBMR5NQ==",
			"requires": {
				"eventemitter3": "^4.0.0",
				"follow-redirects": "^1.0.0",
				"requires-port": "^1.0.0"
			}
		},
		"http-proxy-middleware": {
			"version": "1.3.1",
			"resolved": "https://registry.npmjs.org/http-proxy-middleware/-/http-proxy-middleware-1.3.1.tgz",
			"integrity": "sha512-13eVVDYS4z79w7f1+NPllJtOQFx/FdUW4btIvVRMaRlUY9VGstAbo5MOhLEuUgZFRHn3x50ufn25zkj/boZnEg==",
			"requires": {
				"@types/http-proxy": "^1.17.5",
				"http-proxy": "^1.18.1",
				"is-glob": "^4.0.1",
				"is-plain-obj": "^3.0.0",
				"micromatch": "^4.0.2"
			}
		},
		"inherits": {
			"version": "2.0.3"
		},
		"is-extglob": {
			"version": "2.1.1",
			"resolved": "https://registry.npmjs.org/is-extglob/-/is-extglob-2.1.1.tgz",
			"integrity": "sha1-qIwCU1eR8C7TfHahueqXc8gz+MI="
		},
		"is-glob": {
			"version": "4.0.3",
			"resolved": "https://registry.npmjs.org/is-glob/-/is-glob-4.0.3.tgz",
			"integrity": "sha512-xelSayHH36ZgE7ZWhli7pW34hNbNl8Ojv5KVmkJD4hBdD3th8Tfk9vYasLM+mXWOZhFkgZfxhLSnrwRr4elSSg==",
			"requires": {
				"is-extglob": "^2.1.1"
			}
		},
		"is-number": {
			"version": "7.0.0",
			"resolved": "https://registry.npmjs.org/is-number/-/is-number-7.0.0.tgz",
			"integrity": "sha512-41Cifkg6e8TylSpdtTpeLVMqvSBEVzTttHvERD741+pnZ8ANv0004MRL43QKPDlK9cGvNp6NZWZUBlbGXYxxng=="
		},
		"is-plain-obj": {
			"version": "3.0.0",
			"resolved": "https://registry.npmjs.org/is-plain-obj/-/is-plain-obj-3.0.0.tgz",
			"integrity": "sha512-gwsOE28k+23GP1B6vFl1oVh/WOzmawBrKwo5Ev6wMKzPkaXaCDIQKzLnvsA42DRlbVTWorkgTKIviAKCWkfUwA=="
		},
		"isarray": {
			"version": "1.0.0"
		},
		"kareem": {
			"version": "2.3.2"
		},
		"memory-pager": {
			"version": "1.5.0",
			"optional": true
		},
		"micromatch": {
			"version": "4.0.4",
			"resolved": "https://registry.npmjs.org/micromatch/-/micromatch-4.0.4.tgz",
			"integrity": "sha512-pRmzw/XUcwXGpD9aI9q/0XOwLNygjETJ8y0ao0wdqprrzDa4YnxLcz7fQRZr8voh8V10kGhABbNcHVk5wHgWwg==",
			"requires": {
				"braces": "^3.0.1",
				"picomatch": "^2.2.3"
			}
		},
		"mongodb": {
			"version": "3.6.6",
			"requires": {
				"bl": "^2.2.1",
				"bson": "^1.1.4",
				"denque": "^1.4.1",
				"optional-require": "^1.0.2",
				"safe-buffer": "^5.1.2",
				"saslprep": "^1.0.0"
			}
		},
		"mongoose": {
			"version": "5.12.10",
			"requires": {
				"@types/mongodb": "^3.5.27",
				"bson": "^1.1.4",
				"kareem": "2.3.2",
				"mongodb": "3.6.6",
				"mongoose-legacy-pluralize": "1.0.2",
				"mpath": "0.8.3",
				"mquery": "3.2.5",
				"ms": "2.1.2",
				"regexp-clone": "1.0.0",
				"safe-buffer": "5.2.1",
				"sift": "13.5.2",
				"sliced": "1.0.1"
			},
			"dependencies": {
				"ms": {
					"version": "2.1.2"
				},
				"safe-buffer": {
					"version": "5.2.1"
				}
			}
		},
		"mongoose-legacy-pluralize": {
			"version": "1.0.2",
			"requires": {}
		},
		"mpath": {
			"version": "0.8.3"
		},
		"mquery": {
			"version": "3.2.5",
			"requires": {
				"bluebird": "3.5.1",
				"debug": "3.1.0",
				"regexp-clone": "^1.0.0",
				"safe-buffer": "5.1.2",
				"sliced": "1.0.1"
			},
			"dependencies": {
				"debug": {
					"version": "3.1.0",
					"requires": {
						"ms": "2.0.0"
					}
				}
			}
		},
		"ms": {
			"version": "2.0.0"
		},
		"optional-require": {
			"version": "1.0.3"
		},
		"picomatch": {
			"version": "2.3.0",
			"resolved": "https://registry.npmjs.org/picomatch/-/picomatch-2.3.0.tgz",
			"integrity": "sha512-lY1Q/PiJGC2zOv/z391WOTD+Z02bCgsFfvxoXXf6h7kv9o+WmsmzYqrAwY63sNgOxE4xEdq0WyUnXfKeBrSvYw=="
		},
		"process-nextick-args": {
			"version": "2.0.1"
		},
		"readable-stream": {
			"version": "2.3.7",
			"requires": {
				"core-util-is": "~1.0.0",
				"inherits": "~2.0.3",
				"isarray": "~1.0.0",
				"process-nextick-args": "~2.0.0",
				"safe-buffer": "~5.1.1",
				"string_decoder": "~1.1.1",
				"util-deprecate": "~1.0.1"
			}
		},
		"regexp-clone": {
			"version": "1.0.0"
		},
		"requires-port": {
			"version": "1.0.0",
			"resolved": "https://registry.npmjs.org/requires-port/-/requires-port-1.0.0.tgz",
			"integrity": "sha1-kl0mAdOaxIXgkc8NpcbmlNw9yv8="
		},
		"safe-buffer": {
			"version": "5.1.2"
		},
		"saslprep": {
			"version": "1.0.3",
			"optional": true,
			"requires": {
				"sparse-bitfield": "^3.0.3"
			}
		},
		"sift": {
			"version": "13.5.2"
		},
		"sliced": {
			"version": "1.0.1"
		},
		"sparse-bitfield": {
			"version": "3.0.3",
			"optional": true,
			"requires": {
				"memory-pager": "^1.0.2"
			}
		},
		"string_decoder": {
			"version": "1.1.1",
			"requires": {
				"safe-buffer": "~5.1.0"
			}
		},
		"to-regex-range": {
			"version": "5.0.1",
			"resolved": "https://registry.npmjs.org/to-regex-range/-/to-regex-range-5.0.1.tgz",
			"integrity": "sha512-65P7iz6X5yEr1cwcgvQxbbIw7Uk3gOy5dIdtZ4rDveLqhrdJP+Li/Hx6tyK0NEb+2GCyneCMJiGqrADCSNk8sQ==",
			"requires": {
				"is-number": "^7.0.0"
			}
		},
		"typescript": {
			"version": "4.2.4",
			"dev": true
		},
		"uniqid": {
			"version": "5.3.0"
		},
		"util-deprecate": {
			"version": "1.0.2"
		}
	}
}
