{
	"name": "@greenpress/plugins",
	"version": "1.0.0",
	"lockfileVersion": 2,
	"requires": true,
	"packages": {
		"": {
			"name": "@greenpress/plugins",
			"version": "1.0.0",
			"license": "MIT",
			"dependencies": {
				"mongoose": "^5.10.5",
				"uniqid": "^5.0.3"
			},
			"devDependencies": {
				"@types/axios": "^0.14.0",
				"@types/express": "^4.17.8",
				"@types/mongoose": "^5.7.36",
				"@types/node": "^14.11.1",
				"typescript": "^4.0.2"
			},
			"engines": {
				"node": ">=10.5",
				"npm": ">=5"
			}
		},
		"../../packages/api-kit": {
			"name": "@greenpress/api-kit",
			"version": "0.2.0",
			"extraneous": true,
			"license": "MIT",
			"dependencies": {
				"axios": "^0.21.1",
				"body-parser": "^1.19.0",
				"cors": "^2.8.5",
				"express": "^4.17.1",
				"morgan": "^1.10.0"
			}
		},
		"node_modules/@types/axios": {
			"version": "0.14.0",
			"dev": true,
			"license": "MIT",
			"dependencies": {
				"axios": "*"
			}
		},
		"node_modules/@types/body-parser": {
			"version": "1.19.0",
			"dev": true,
			"license": "MIT",
			"dependencies": {
				"@types/connect": "*",
				"@types/node": "*"
			}
		},
		"node_modules/@types/bson": {
			"version": "4.0.3",
			"license": "MIT",
			"dependencies": {
				"@types/node": "*"
			}
		},
		"node_modules/@types/connect": {
			"version": "3.4.34",
			"dev": true,
			"license": "MIT",
			"dependencies": {
				"@types/node": "*"
			}
		},
		"node_modules/@types/express": {
			"version": "4.17.11",
			"dev": true,
			"license": "MIT",
			"dependencies": {
				"@types/body-parser": "*",
				"@types/express-serve-static-core": "^4.17.18",
				"@types/qs": "*",
				"@types/serve-static": "*"
			}
		},
		"node_modules/@types/express-serve-static-core": {
			"version": "4.17.19",
			"dev": true,
			"license": "MIT",
			"dependencies": {
				"@types/node": "*",
				"@types/qs": "*",
				"@types/range-parser": "*"
			}
		},
		"node_modules/@types/mime": {
			"version": "1.3.2",
			"dev": true,
			"license": "MIT"
		},
		"node_modules/@types/mongodb": {
			"version": "3.6.16",
			"license": "MIT",
			"dependencies": {
				"@types/bson": "*",
				"@types/node": "*"
			}
		},
		"node_modules/@types/mongoose": {
			"version": "5.10.5",
			"dev": true,
			"license": "MIT",
			"dependencies": {
				"@types/mongodb": "*",
				"@types/node": "*"
			}
		},
		"node_modules/@types/node": {
			"version": "14.17.0",
			"license": "MIT"
		},
		"node_modules/@types/qs": {
			"version": "6.9.6",
			"dev": true,
			"license": "MIT"
		},
		"node_modules/@types/range-parser": {
			"version": "1.2.3",
			"dev": true,
			"license": "MIT"
		},
		"node_modules/@types/serve-static": {
			"version": "1.13.9",
			"dev": true,
			"license": "MIT",
			"dependencies": {
				"@types/mime": "^1",
				"@types/node": "*"
			}
		},
		"node_modules/axios": {
			"version": "0.21.1",
			"dev": true,
			"license": "MIT",
			"dependencies": {
				"follow-redirects": "^1.10.0"
			}
		},
		"node_modules/bl": {
			"version": "2.2.1",
			"license": "MIT",
			"dependencies": {
				"readable-stream": "^2.3.5",
				"safe-buffer": "^5.1.1"
			}
		},
		"node_modules/bluebird": {
			"version": "3.5.1",
			"license": "MIT"
		},
		"node_modules/bson": {
			"version": "1.1.6",
			"license": "Apache-2.0",
			"engines": {
				"node": ">=0.6.19"
			}
		},
		"node_modules/core-util-is": {
			"version": "1.0.2",
			"license": "MIT"
		},
		"node_modules/denque": {
			"version": "1.5.0",
			"license": "Apache-2.0",
			"engines": {
				"node": ">=0.10"
			}
		},
		"node_modules/follow-redirects": {
			"version": "1.14.1",
			"dev": true,
			"funding": [
				{
					"type": "individual",
					"url": "https://github.com/sponsors/RubenVerborgh"
				}
			],
			"license": "MIT",
			"engines": {
				"node": ">=4.0"
			},
			"peerDependenciesMeta": {
				"debug": {
					"optional": true
				}
			}
		},
		"node_modules/inherits": {
			"version": "2.0.3",
			"license": "ISC"
		},
		"node_modules/isarray": {
			"version": "1.0.0",
			"license": "MIT"
		},
		"node_modules/kareem": {
			"version": "2.3.2",
			"license": "Apache-2.0"
		},
		"node_modules/memory-pager": {
			"version": "1.5.0",
			"license": "MIT",
			"optional": true
		},
		"node_modules/mongodb": {
			"version": "3.6.6",
			"license": "Apache-2.0",
			"dependencies": {
				"bl": "^2.2.1",
				"bson": "^1.1.4",
				"denque": "^1.4.1",
				"optional-require": "^1.0.2",
				"safe-buffer": "^5.1.2"
			},
			"engines": {
				"node": ">=4"
			},
			"optionalDependencies": {
				"saslprep": "^1.0.0"
			},
			"peerDependenciesMeta": {
				"aws4": {
					"optional": true
				},
				"bson-ext": {
					"optional": true
				},
				"kerberos": {
					"optional": true
				},
				"mongodb-client-encryption": {
					"optional": true
				},
				"mongodb-extjson": {
					"optional": true
				},
				"snappy": {
					"optional": true
				}
			}
		},
		"node_modules/mongoose": {
			"version": "5.12.10",
			"license": "MIT",
			"dependencies": {
				"@types/mongodb": "^3.5.27",
				"bson": "^1.1.4",
				"kareem": "2.3.2",
				"mongodb": "3.6.6",
				"mongoose-legacy-pluralize": "1.0.2",
				"mpath": "0.8.3",
				"mquery": "3.2.5",
				"ms": "2.1.2",
				"regexp-clone": "1.0.0",
				"safe-buffer": "5.2.1",
				"sift": "13.5.2",
				"sliced": "1.0.1"
			},
			"engines": {
				"node": ">=4.0.0"
			},
			"funding": {
				"type": "opencollective",
				"url": "https://opencollective.com/mongoose"
			}
		},
		"node_modules/mongoose-legacy-pluralize": {
			"version": "1.0.2",
			"license": "Apache-2.0",
			"peerDependencies": {
				"mongoose": "*"
			}
		},
		"node_modules/mongoose/node_modules/ms": {
			"version": "2.1.2",
			"license": "MIT"
		},
		"node_modules/mongoose/node_modules/safe-buffer": {
			"version": "5.2.1",
			"funding": [
				{
					"type": "github",
					"url": "https://github.com/sponsors/feross"
				},
				{
					"type": "patreon",
					"url": "https://www.patreon.com/feross"
				},
				{
					"type": "consulting",
					"url": "https://feross.org/support"
				}
			],
			"license": "MIT"
		},
		"node_modules/mpath": {
			"version": "0.8.3",
			"license": "MIT",
			"engines": {
				"node": ">=4.0.0"
			}
		},
		"node_modules/mquery": {
			"version": "3.2.5",
			"license": "MIT",
			"dependencies": {
				"bluebird": "3.5.1",
				"debug": "3.1.0",
				"regexp-clone": "^1.0.0",
				"safe-buffer": "5.1.2",
				"sliced": "1.0.1"
			},
			"engines": {
				"node": ">=4.0.0"
			}
		},
		"node_modules/mquery/node_modules/debug": {
			"version": "3.1.0",
			"license": "MIT",
			"dependencies": {
				"ms": "2.0.0"
			}
		},
		"node_modules/ms": {
			"version": "2.0.0",
			"license": "MIT"
		},
		"node_modules/optional-require": {
			"version": "1.0.3",
			"license": "Apache-2.0",
			"engines": {
				"node": ">=4"
			}
		},
		"node_modules/process-nextick-args": {
			"version": "2.0.1",
			"license": "MIT"
		},
		"node_modules/readable-stream": {
			"version": "2.3.7",
			"license": "MIT",
			"dependencies": {
				"core-util-is": "~1.0.0",
				"inherits": "~2.0.3",
				"isarray": "~1.0.0",
				"process-nextick-args": "~2.0.0",
				"safe-buffer": "~5.1.1",
				"string_decoder": "~1.1.1",
				"util-deprecate": "~1.0.1"
			}
		},
		"node_modules/regexp-clone": {
			"version": "1.0.0",
			"license": "MIT"
		},
		"node_modules/safe-buffer": {
			"version": "5.1.2",
			"license": "MIT"
		},
		"node_modules/saslprep": {
			"version": "1.0.3",
			"license": "MIT",
			"optional": true,
			"dependencies": {
				"sparse-bitfield": "^3.0.3"
			},
			"engines": {
				"node": ">=6"
			}
		},
		"node_modules/sift": {
			"version": "13.5.2",
			"license": "MIT"
		},
		"node_modules/sliced": {
			"version": "1.0.1",
			"license": "MIT"
		},
		"node_modules/sparse-bitfield": {
			"version": "3.0.3",
			"license": "MIT",
			"optional": true,
			"dependencies": {
				"memory-pager": "^1.0.2"
			}
		},
		"node_modules/string_decoder": {
			"version": "1.1.1",
			"license": "MIT",
			"dependencies": {
				"safe-buffer": "~5.1.0"
			}
		},
		"node_modules/typescript": {
			"version": "4.2.4",
			"dev": true,
			"license": "Apache-2.0",
			"bin": {
				"tsc": "bin/tsc",
				"tsserver": "bin/tsserver"
			},
			"engines": {
				"node": ">=4.2.0"
			}
		},
		"node_modules/uniqid": {
			"version": "5.3.0",
			"license": "MIT"
		},
		"node_modules/util-deprecate": {
			"version": "1.0.2",
			"license": "MIT"
		}
	},
	"dependencies": {
		"@types/axios": {
			"version": "0.14.0",
			"dev": true,
			"requires": {
				"axios": "*"
			}
		},
		"@types/body-parser": {
			"version": "1.19.0",
			"dev": true,
			"requires": {
				"@types/connect": "*",
				"@types/node": "*"
			}
		},
		"@types/bson": {
			"version": "4.0.3",
			"requires": {
				"@types/node": "*"
			}
		},
		"@types/connect": {
			"version": "3.4.34",
			"dev": true,
			"requires": {
				"@types/node": "*"
			}
		},
		"@types/express": {
			"version": "4.17.11",
			"dev": true,
			"requires": {
				"@types/body-parser": "*",
				"@types/express-serve-static-core": "^4.17.18",
				"@types/qs": "*",
				"@types/serve-static": "*"
			}
		},
		"@types/express-serve-static-core": {
			"version": "4.17.19",
			"dev": true,
			"requires": {
				"@types/node": "*",
				"@types/qs": "*",
				"@types/range-parser": "*"
			}
		},
		"@types/mime": {
			"version": "1.3.2",
			"dev": true
		},
		"@types/mongodb": {
			"version": "3.6.16",
			"requires": {
				"@types/bson": "*",
				"@types/node": "*"
			}
		},
		"@types/mongoose": {
			"version": "5.10.5",
			"dev": true,
			"requires": {
				"@types/mongodb": "*",
				"@types/node": "*"
			}
		},
		"@types/node": {
			"version": "14.17.0"
		},
		"@types/qs": {
			"version": "6.9.6",
			"dev": true
		},
		"@types/range-parser": {
			"version": "1.2.3",
			"dev": true
		},
		"@types/serve-static": {
			"version": "1.13.9",
			"dev": true,
			"requires": {
				"@types/mime": "^1",
				"@types/node": "*"
			}
		},
		"axios": {
			"version": "0.21.1",
			"dev": true,
			"requires": {
				"follow-redirects": "^1.10.0"
			}
		},
		"bl": {
			"version": "2.2.1",
			"requires": {
				"readable-stream": "^2.3.5",
				"safe-buffer": "^5.1.1"
			}
		},
		"bluebird": {
			"version": "3.5.1"
		},
		"bson": {
			"version": "1.1.6"
		},
		"core-util-is": {
			"version": "1.0.2"
		},
		"denque": {
			"version": "1.5.0"
		},
		"follow-redirects": {
			"version": "1.14.1",
			"dev": true
		},
		"inherits": {
			"version": "2.0.3"
		},
		"isarray": {
			"version": "1.0.0"
		},
		"kareem": {
			"version": "2.3.2"
		},
		"memory-pager": {
			"version": "1.5.0",
			"optional": true
		},
		"mongodb": {
			"version": "3.6.6",
			"requires": {
				"bl": "^2.2.1",
				"bson": "^1.1.4",
				"denque": "^1.4.1",
				"optional-require": "^1.0.2",
				"safe-buffer": "^5.1.2",
				"saslprep": "^1.0.0"
			}
		},
		"mongoose": {
			"version": "5.12.10",
			"requires": {
				"@types/mongodb": "^3.5.27",
				"bson": "^1.1.4",
				"kareem": "2.3.2",
				"mongodb": "3.6.6",
				"mongoose-legacy-pluralize": "1.0.2",
				"mpath": "0.8.3",
				"mquery": "3.2.5",
				"ms": "2.1.2",
				"regexp-clone": "1.0.0",
				"safe-buffer": "5.2.1",
				"sift": "13.5.2",
				"sliced": "1.0.1"
			},
			"dependencies": {
				"ms": {
					"version": "2.1.2"
				},
				"safe-buffer": {
					"version": "5.2.1"
				}
			}
		},
		"mongoose-legacy-pluralize": {
			"version": "1.0.2",
			"requires": {}
		},
		"mpath": {
			"version": "0.8.3"
		},
		"mquery": {
			"version": "3.2.5",
			"requires": {
				"bluebird": "3.5.1",
				"debug": "3.1.0",
				"regexp-clone": "^1.0.0",
				"safe-buffer": "5.1.2",
				"sliced": "1.0.1"
			},
			"dependencies": {
				"debug": {
					"version": "3.1.0",
					"requires": {
						"ms": "2.0.0"
					}
				}
			}
		},
		"ms": {
			"version": "2.0.0"
		},
		"optional-require": {
			"version": "1.0.3"
		},
		"process-nextick-args": {
			"version": "2.0.1"
		},
		"readable-stream": {
			"version": "2.3.7",
			"requires": {
				"core-util-is": "~1.0.0",
				"inherits": "~2.0.3",
				"isarray": "~1.0.0",
				"process-nextick-args": "~2.0.0",
				"safe-buffer": "~5.1.1",
				"string_decoder": "~1.1.1",
				"util-deprecate": "~1.0.1"
			}
		},
		"regexp-clone": {
			"version": "1.0.0"
		},
		"safe-buffer": {
			"version": "5.1.2"
		},
		"saslprep": {
			"version": "1.0.3",
			"optional": true,
			"requires": {
				"sparse-bitfield": "^3.0.3"
			}
		},
		"sift": {
			"version": "13.5.2"
		},
		"sliced": {
			"version": "1.0.1"
		},
		"sparse-bitfield": {
			"version": "3.0.3",
			"optional": true,
			"requires": {
				"memory-pager": "^1.0.2"
			}
		},
		"string_decoder": {
			"version": "1.1.1",
			"requires": {
				"safe-buffer": "~5.1.0"
			}
		},
		"typescript": {
			"version": "4.2.4",
			"dev": true
		},
		"uniqid": {
			"version": "5.3.0"
		},
		"util-deprecate": {
			"version": "1.0.2"
		}
	}
}
