dependencies:
- name: mongodb
  repository: https://charts.bitnami.com/bitnami
  version: 10.30.6
- name: redis
  repository: https://charts.bitnami.com/bitnami
  version: 15.6.4
digest: sha256:6ffccc5b3b7a2e220dabadbd8ef491be7ed79f55e46cd5024894c3957a2ad39b
generated: "2022-01-09T15:40:36.233706+02:00"
